
Microsoft Visual Studio Solution File, Format Version 12.00
# Visual Studio 15
VisualStudioVersion = 15.0.28010.2041
MinimumVisualStudioVersion = 10.0.40219.1
Project("{9A19103F-16F7-4668-BE54-9A1E7A4F7556}") = "solution01", "solution01\solution01.csproj", "{0E8CF2D9-5371-42C7-9772-5DBE9A93771A}"
EndProject
Project("{9A19103F-16F7-4668-BE54-9A1E7A4F7556}") = "if_Statement", "if_Statement\if_Statement.csproj", "{6DA267FE-486F-4525-9655-3045A0A94131}"
EndProject
Project("{9A19103F-16F7-4668-BE54-9A1E7A4F7556}") = "ifelse_Statement", "ifelse_Statement\ifelse_Statement.csproj", "{007C27EC-802D-4E71-9247-AA29BBCEC1C7}"
EndProject
Project("{FAE04EC0-301F-11D3-BF4B-00C04F79EFBC}") = "switch_Statement", "switch_Statement\switch_Statement.csproj", "{79670D83-D8BB-4DC4-9D51-9A16C26468BF}"
EndProject
Global
	GlobalSection(SolutionConfigurationPlatforms) = preSolution
		Debug|Any CPU = Debug|Any CPU
		Release|Any CPU = Release|Any CPU
	EndGlobalSection
	GlobalSection(ProjectConfigurationPlatforms) = postSolution
		{0E8CF2D9-5371-42C7-9772-5DBE9A93771A}.Debug|Any CPU.ActiveCfg = Debug|Any CPU
		{0E8CF2D9-5371-42C7-9772-5DBE9A93771A}.Debug|Any CPU.Build.0 = Debug|Any CPU
		{0E8CF2D9-5371-42C7-9772-5DBE9A93771A}.Release|Any CPU.ActiveCfg = Release|Any CPU
		{0E8CF2D9-5371-42C7-9772-5DBE9A93771A}.Release|Any CPU.Build.0 = Release|Any CPU
		{6DA267FE-486F-4525-9655-3045A0A94131}.Debug|Any CPU.ActiveCfg = Debug|Any CPU
		{6DA267FE-486F-4525-9655-3045A0A94131}.Debug|Any CPU.Build.0 = Debug|Any CPU
		{6DA267FE-486F-4525-9655-3045A0A94131}.Release|Any CPU.ActiveCfg = Release|Any CPU
		{6DA267FE-486F-4525-9655-3045A0A94131}.Release|Any CPU.Build.0 = Release|Any CPU
		{007C27EC-802D-4E71-9247-AA29BBCEC1C7}.Debug|Any CPU.ActiveCfg = Debug|Any CPU
		{007C27EC-802D-4E71-9247-AA29BBCEC1C7}.Debug|Any CPU.Build.0 = Debug|Any CPU
		{007C27EC-802D-4E71-9247-AA29BBCEC1C7}.Release|Any CPU.ActiveCfg = Release|Any CPU
		{007C27EC-802D-4E71-9247-AA29BBCEC1C7}.Release|Any CPU.Build.0 = Release|Any CPU
		{79670D83-D8BB-4DC4-9D51-9A16C26468BF}.Debug|Any CPU.ActiveCfg = Debug|Any CPU
		{79670D83-D8BB-4DC4-9D51-9A16C26468BF}.Debug|Any CPU.Build.0 = Debug|Any CPU
		{79670D83-D8BB-4DC4-9D51-9A16C26468BF}.Release|Any CPU.ActiveCfg = Release|Any CPU
		{79670D83-D8BB-4DC4-9D51-9A16C26468BF}.Release|Any CPU.Build.0 = Release|Any CPU
	EndGlobalSection
	GlobalSection(SolutionProperties) = preSolution
		HideSolutionNode = FALSE
	EndGlobalSection
	GlobalSection(ExtensibilityGlobals) = postSolution
		SolutionGuid = {2B98B213-3022-4484-8600-9A01952B4EC6}
	EndGlobalSection
EndGlobal
