
Microsoft Visual Studio Solution File, Format Version 12.00
# Visual Studio 15
VisualStudioVersion = 15.0.28010.2041
MinimumVisualStudioVersion = 10.0.40219.1
Project("{9A19103F-16F7-4668-BE54-9A1E7A4F7556}") = "GitHub", "GitHub\GitHub.csproj", "{CCA68796-0A7C-4A6D-BE01-97C621DD2536}"
EndProject
Project("{FAE04EC0-301F-11D3-BF4B-00C04F79EFBC}") = "GitHub.Test", "GitHub.Test\GitHub.Test.csproj", "{73DFA1B9-72DA-41A9-AC07-6A32698B78A1}"
EndProject
Global
	GlobalSection(SolutionConfigurationPlatforms) = preSolution
		Debug|Any CPU = Debug|Any CPU
		Release|Any CPU = Release|Any CPU
	EndGlobalSection
	GlobalSection(ProjectConfigurationPlatforms) = postSolution
		{CCA68796-0A7C-4A6D-BE01-97C621DD2536}.Debug|Any CPU.ActiveCfg = Debug|Any CPU
		{CCA68796-0A7C-4A6D-BE01-97C621DD2536}.Debug|Any CPU.Build.0 = Debug|Any CPU
		{CCA68796-0A7C-4A6D-BE01-97C621DD2536}.Release|Any CPU.ActiveCfg = Release|Any CPU
		{CCA68796-0A7C-4A6D-BE01-97C621DD2536}.Release|Any CPU.Build.0 = Release|Any CPU
		{73DFA1B9-72DA-41A9-AC07-6A32698B78A1}.Debug|Any CPU.ActiveCfg = Debug|Any CPU
		{73DFA1B9-72DA-41A9-AC07-6A32698B78A1}.Debug|Any CPU.Build.0 = Debug|Any CPU
		{73DFA1B9-72DA-41A9-AC07-6A32698B78A1}.Release|Any CPU.ActiveCfg = Release|Any CPU
		{73DFA1B9-72DA-41A9-AC07-6A32698B78A1}.Release|Any CPU.Build.0 = Release|Any CPU
	EndGlobalSection
	GlobalSection(SolutionProperties) = preSolution
		HideSolutionNode = FALSE
	EndGlobalSection
	GlobalSection(ExtensibilityGlobals) = postSolution
		SolutionGuid = {B93AC341-0432-4040-ACE6-2A49DC58A8B8}
	EndGlobalSection
EndGlobal
