
Microsoft Visual Studio Solution File, Format Version 12.00
# Visual Studio 15
VisualStudioVersion = 15.0.28010.2041
MinimumVisualStudioVersion = 10.0.40219.1
Project("{FAE04EC0-301F-11D3-BF4B-00C04F79EFBC}") = "Rectangle", "Rectangle\Rectangle.csproj", "{08C0B82E-9F1A-47E6-A1BD-1CB792F37C24}"
EndProject
Global
	GlobalSection(SolutionConfigurationPlatforms) = preSolution
		Debug|Any CPU = Debug|Any CPU
		Release|Any CPU = Release|Any CPU
	EndGlobalSection
	GlobalSection(ProjectConfigurationPlatforms) = postSolution
		{08C0B82E-9F1A-47E6-A1BD-1CB792F37C24}.Debug|Any CPU.ActiveCfg = Debug|Any CPU
		{08C0B82E-9F1A-47E6-A1BD-1CB792F37C24}.Debug|Any CPU.Build.0 = Debug|Any CPU
		{08C0B82E-9F1A-47E6-A1BD-1CB792F37C24}.Release|Any CPU.ActiveCfg = Release|Any CPU
		{08C0B82E-9F1A-47E6-A1BD-1CB792F37C24}.Release|Any CPU.Build.0 = Release|Any CPU
	EndGlobalSection
	GlobalSection(SolutionProperties) = preSolution
		HideSolutionNode = FALSE
	EndGlobalSection
	GlobalSection(ExtensibilityGlobals) = postSolution
		SolutionGuid = {C54AC6E5-57F0-4259-880B-2EFF2C764882}
	EndGlobalSection
EndGlobal
