
Microsoft Visual Studio Solution File, Format Version 12.00
# Visual Studio 15
VisualStudioVersion = 15.0.28010.2041
MinimumVisualStudioVersion = 10.0.40219.1
Project("{FAE04EC0-301F-11D3-BF4B-00C04F79EFBC}") = "MdToHTML", "MdToHTML\MdToHTML.csproj", "{EB74E126-B4A3-45DB-967F-D9101EF9AB97}"
EndProject
Global
	GlobalSection(SolutionConfigurationPlatforms) = preSolution
		Debug|Any CPU = Debug|Any CPU
		Release|Any CPU = Release|Any CPU
	EndGlobalSection
	GlobalSection(ProjectConfigurationPlatforms) = postSolution
		{EB74E126-B4A3-45DB-967F-D9101EF9AB97}.Debug|Any CPU.ActiveCfg = Debug|Any CPU
		{EB74E126-B4A3-45DB-967F-D9101EF9AB97}.Debug|Any CPU.Build.0 = Debug|Any CPU
		{EB74E126-B4A3-45DB-967F-D9101EF9AB97}.Release|Any CPU.ActiveCfg = Release|Any CPU
		{EB74E126-B4A3-45DB-967F-D9101EF9AB97}.Release|Any CPU.Build.0 = Release|Any CPU
	EndGlobalSection
	GlobalSection(SolutionProperties) = preSolution
		HideSolutionNode = FALSE
	EndGlobalSection
	GlobalSection(ExtensibilityGlobals) = postSolution
		SolutionGuid = {51C1DE3A-A737-4D15-BDC1-FF698349BDD8}
	EndGlobalSection
EndGlobal
